# THIS IS AN AUTOGENERATED FILE. DO NOT EDIT THIS FILE DIRECTLY.
# yarn lockfile v1


wait-for-user-input@^1.0.0:
  version "1.0.0"
  resolved "https://registry.yarnpkg.com/wait-for-user-input/-/wait-for-user-input-1.0.0.tgz#6a2e235c544bdfed19694799108d6d97cce7815a"
  integrity sha512-wcNX3HpvzyfnSZQ7lHThDJm+UgQoY8a4bcl31GtEycVGpI1LJYxPs45PgsNMG8VAlxHYwm7U0f1Sq2MClTraDw==
